
Microsoft Visual Studio Solution File, Format Version 12.00
# Visual Studio 15
VisualStudioVersion = 15.0.26730.16
MinimumVisualStudioVersion = 10.0.40219.1
Project("{FAE04EC0-301F-11D3-BF4B-00C04F79EFBC}") = "WPF 04C Events in XAML", "WPF 04C Events in XAML\WPF 04C Events in XAML.csproj", "{F0B6F631-771B-4AA0-8F22-075F0A4B3171}"
EndProject
Global
	GlobalSection(SolutionConfigurationPlatforms) = preSolution
		Debug|Any CPU = Debug|Any CPU
		Release|Any CPU = Release|Any CPU
	EndGlobalSection
	GlobalSection(ProjectConfigurationPlatforms) = postSolution
		{F0B6F631-771B-4AA0-8F22-075F0A4B3171}.Debug|Any CPU.ActiveCfg = Debug|Any CPU
		{F0B6F631-771B-4AA0-8F22-075F0A4B3171}.Debug|Any CPU.Build.0 = Debug|Any CPU
		{F0B6F631-771B-4AA0-8F22-075F0A4B3171}.Release|Any CPU.ActiveCfg = Release|Any CPU
		{F0B6F631-771B-4AA0-8F22-075F0A4B3171}.Release|Any CPU.Build.0 = Release|Any CPU
	EndGlobalSection
	GlobalSection(SolutionProperties) = preSolution
		HideSolutionNode = FALSE
	EndGlobalSection
	GlobalSection(ExtensibilityGlobals) = postSolution
		SolutionGuid = {780F2FEE-F3A8-4F2F-AEB0-A150A26FFDD8}
	EndGlobalSection
EndGlobal
